<?xml version="1.0" encoding="utf-8"?>
<Project ToolsVersion="4.0" xmlns="http://schemas.microsoft.com/developer/msbuild/2003">
  <ItemGroup>
    <Filter Include="资源文件">
      <UniqueIdentifier>{67DA6AB6-F800-4c08-8B7A-83BB121AAD01}</UniqueIdentifier>
      <Extensions>rc;ico;cur;bmp;dlg;rc2;rct;bin;rgs;gif;jpg;jpeg;jpe;resx;tiff;tif;png;wav;mfcribbon-ms</Extensions>
    </Filter>
    <Filter Include="glad">
      <UniqueIdentifier>{13e93939-8025-4fdc-b6b9-7926ad28ce7c}</UniqueIdentifier>
    </Filter>
    <Filter Include="application">
      <UniqueIdentifier>{708e54f0-d228-48a3-aa56-6109b5ecfcb4}</UniqueIdentifier>
    </Filter>
    <Filter Include="include">
      <UniqueIdentifier>{6566044a-7d4c-4640-b4a8-38ed804f64d0}</UniqueIdentifier>
    </Filter>
    <Filter Include="src">
      <UniqueIdentifier>{4FC737F1-C7A5-4376-A066-2A32D752A2FF}</UniqueIdentifier>
      <Extensions>cpp;c;cc;cxx;c++;cppm;ixx;def;odl;idl;hpj;bat;asm;asmx</Extensions>
    </Filter>
    <Filter Include="imgui">
      <UniqueIdentifier>{6ce2db58-068d-48bd-bd13-c051f65bf438}</UniqueIdentifier>
    </Filter>
  </ItemGroup>
  <ItemGroup>
    <ClCompile Include="imgui.cpp">
      <Filter>imgui</Filter>
    </ClCompile>
    <ClCompile Include="imgui_demo.cpp">
      <Filter>imgui</Filter>
    </ClCompile>
    <ClCompile Include="imgui_draw.cpp">
      <Filter>imgui</Filter>
    </ClCompile>
    <ClCompile Include="imgui_impl_glfw.cpp">
      <Filter>imgui</Filter>
    </ClCompile>
    <ClCompile Include="imgui_impl_opengl3.cpp">
      <Filter>imgui</Filter>
    </ClCompile>
    <ClCompile Include="imgui_tables.cpp">
      <Filter>imgui</Filter>
    </ClCompile>
    <ClCompile Include="imgui_widgets.cpp">
      <Filter>imgui</Filter>
    </ClCompile>
    <ClCompile Include="glad.c">
      <Filter>glad</Filter>
    </ClCompile>
    <ClCompile Include="window.cpp">
      <Filter>application</Filter>
    </ClCompile>
    <ClCompile Include="Shader.cpp">
      <Filter>application</Filter>
    </ClCompile>
    <ClCompile Include="VertexArray.cpp">
      <Filter>application</Filter>
    </ClCompile>
    <ClCompile Include="Renderer.cpp">
      <Filter>application</Filter>
    </ClCompile>
    <ClCompile Include="ImGuiManager.cpp">
      <Filter>application</Filter>
    </ClCompile>
    <ClCompile Include="body.cpp">
      <Filter>src</Filter>
    </ClCompile>
    <ClCompile Include="world.cpp">
      <Filter>src</Filter>
    </ClCompile>
    <ClCompile Include="InputHandler.cpp">
      <Filter>application</Filter>
    </ClCompile>
    <ClCompile Include="ResourcePool.cpp">
      <Filter>application</Filter>
    </ClCompile>
    <ClCompile Include="main.cpp">
      <Filter>src</Filter>
    </ClCompile>
  </ItemGroup>
  <ItemGroup>
    <ClInclude Include="imconfig.h">
      <Filter>imgui</Filter>
    </ClInclude>
    <ClInclude Include="imgui.h">
      <Filter>imgui</Filter>
    </ClInclude>
    <ClInclude Include="imgui_impl_glfw.h">
      <Filter>imgui</Filter>
    </ClInclude>
    <ClInclude Include="imgui_impl_opengl3.h">
      <Filter>imgui</Filter>
    </ClInclude>
    <ClInclude Include="imgui_impl_opengl3_loader.h">
      <Filter>imgui</Filter>
    </ClInclude>
    <ClInclude Include="imgui_internal.h">
      <Filter>imgui</Filter>
    </ClInclude>
    <ClInclude Include="imstb_rectpack.h">
      <Filter>imgui</Filter>
    </ClInclude>
    <ClInclude Include="imstb_textedit.h">
      <Filter>imgui</Filter>
    </ClInclude>
    <ClInclude Include="imstb_truetype.h">
      <Filter>imgui</Filter>
    </ClInclude>
    <ClInclude Include="window.h">
      <Filter>application</Filter>
    </ClInclude>
    <ClInclude Include="Shader.h">
      <Filter>application</Filter>
    </ClInclude>
    <ClInclude Include="VertexArray.h">
      <Filter>application</Filter>
    </ClInclude>
    <ClInclude Include="Renderer.h">
      <Filter>application</Filter>
    </ClInclude>
    <ClInclude Include="ImGuiManager.h">
      <Filter>application</Filter>
    </ClInclude>
    <ClInclude Include="math.h">
      <Filter>include</Filter>
    </ClInclude>
    <ClInclude Include="body.h">
      <Filter>include</Filter>
    </ClInclude>
    <ClInclude Include="world.h">
      <Filter>include</Filter>
    </ClInclude>
    <ClInclude Include="type.h">
      <Filter>include</Filter>
    </ClInclude>
    <ClInclude Include="InputHandler.h">
      <Filter>application</Filter>
    </ClInclude>
    <ClInclude Include="ResourcePool.h">
      <Filter>application</Filter>
    </ClInclude>
    <ClInclude Include="collision.h">
      <Filter>include</Filter>
    </ClInclude>
    <ClInclude Include="manifold.h">
      <Filter>include</Filter>
    </ClInclude>
  </ItemGroup>
  <ItemGroup>
    <None Include="vertex_shader.glsl">
      <Filter>资源文件</Filter>
    </None>
    <None Include="fragment_shader.glsl">
      <Filter>资源文件</Filter>
    </None>
  </ItemGroup>
</Project>